// !$*UTF8*$!
{
	archiveVersion = 1;
	classes = {
	};
	objectVersion = 50;
	objects = {

/* Begin PBXBuildFile section */
		70C21AF524E44AB800F5D565 /* AppDelegate.swift in Sources */ = {isa = PBXBuildFile; fileRef = 70C21AF424E44AB800F5D565 /* AppDelegate.swift */; };
		70C21AF724E44AB800F5D565 /* SceneDelegate.swift in Sources */ = {isa = PBXBuildFile; fileRef = 70C21AF624E44AB800F5D565 /* SceneDelegate.swift */; };
		70C21AF924E44AB800F5D565 /* ViewController.swift in Sources */ = {isa = PBXBuildFile; fileRef = 70C21AF824E44AB800F5D565 /* ViewController.swift */; };
		70C21AFC24E44AB800F5D565 /* Main.storyboard in Resources */ = {isa = PBXBuildFile; fileRef = 70C21AFA24E44AB800F5D565 /* Main.storyboard */; };
		70C21AFE24E44AB900F5D565 /* Assets.xcassets in Resources */ = {isa = PBXBuildFile; fileRef = 70C21AFD24E44AB900F5D565 /* Assets.xcassets */; };
		70C21B0124E44AB900F5D565 /* LaunchScreen.storyboard in Resources */ = {isa = PBXBuildFile; fileRef = 70C21AFF24E44AB900F5D565 /* LaunchScreen.storyboard */; };
/* End PBXBuildFile section */

/* Begin PBXFileReference section */
		70C21AF124E44AB800F5D565 /* sifreDegis.app */ = {isa = PBXFileReference; explicitFileType = wrapper.application; includeInIndex = 0; path = sifreDegis.app; sourceTree = BUILT_PRODUCTS_DIR; };
		70C21AF424E44AB800F5D565 /* AppDelegate.swift */ = {isa = PBXFileReference; lastKnownFileType = sourcecode.swift; path = AppDelegate.swift; sourceTree = "<group>"; };
		70C21AF624E44AB800F5D565 /* SceneDelegate.swift */ = {isa = PBXFileReference; lastKnownFileType = sourcecode.swift; path = SceneDelegate.swift; sourceTree = "<group>"; };
		70C21AF824E44AB800F5D565 /* ViewController.swift */ = {isa = PBXFileReference; lastKnownFileType = sourcecode.swift; path = ViewController.swift; sourceTree = "<group>"; };
		70C21AFB24E44AB800F5D565 /* Base */ = {isa = PBXFileReference; lastKnownFileType = file.storyboard; name = Base; path = Base.lproj/Main.storyboard; sourceTree = "<group>"; };
		70C21AFD24E44AB900F5D565 /* Assets.xcassets */ = {isa = PBXFileReference; lastKnownFileType = folder.assetcatalog; path = Assets.xcassets; sourceTree = "<group>"; };
		70C21B0024E44AB900F5D565 /* Base */ = {isa = PBXFileReference; lastKnownFileType = file.storyboard; name = Base; path = Base.lproj/LaunchScreen.storyboard; sourceTree = "<group>"; };
		70C21B0224E44AB900F5D565 /* Info.plist */ = {isa = PBXFileReference; lastKnownFileType = text.plist.xml; path = Info.plist; sourceTree = "<group>"; };
/* End PBXFileReference section */

/* Begin PBXFrameworksBuildPhase section */
		70C21AEE24E44AB800F5D565 /* Frameworks */ = {
			isa = PBXFrameworksBuildPhase;
			buildActionMask = 2147483647;
			files = (
			);
			runOnlyForDeploymentPostprocessing = 0;
		};
/* End PBXFrameworksBuildPhase section */

/* Begin PBXGroup section */
		70C21AE824E44AB800F5D565 = {
			isa = PBXGroup;
			children = (
				70C21AF324E44AB800F5D565 /* sifreDegis */,
				70C21AF224E44AB800F5D565 /* Products */,
			);
			sourceTree = "<group>";
		};
		70C21AF224E44AB800F5D565 /* Products */ = {
			isa = PBXGroup;
			children = (
				70C21AF124E44AB800F5D565 /* sifreDegis.app */,
			);
			name = Products;
			sourceTree = "<group>";
		};
		70C21AF324E44AB800F5D565 /* sifreDegis */ = {
			isa = PBXGroup;
			children = (
				70C21AF424E44AB800F5D565 /* AppDelegate.swift */,
				70C21AF624E44AB800F5D565 /* SceneDelegate.swift */,
				70C21AF824E44AB800F5D565 /* ViewController.swift */,
				70C21AFA24E44AB800F5D565 /* Main.storyboard */,
				70C21AFD24E44AB900F5D565 /* Assets.xcassets */,
				70C21AFF24E44AB900F5D565 /* LaunchScreen.storyboard */,
				70C21B0224E44AB900F5D565 /* Info.plist */,
			);
			path = sifreDegis;
			sourceTree = "<group>";
		};
/* End PBXGroup section */

/* Begin PBXNativeTarget section */
		70C21AF024E44AB800F5D565 /* sifreDegis */ = {
			isa = PBXNativeTarget;
			buildConfigurationList = 70C21B0524E44AB900F5D565 /* Build configuration list for PBXNativeTarget "sifreDegis" */;
			buildPhases = (
				70C21AED24E44AB800F5D565 /* Sources */,
				70C21AEE24E44AB800F5D565 /* Frameworks */,
				70C21AEF24E44AB800F5D565 /* Resources */,
			);
			buildRules = (
			);
			dependencies = (
			);
			name = sifreDegis;
			productName = sifreDegis;
			productReference = 70C21AF124E44AB800F5D565 /* sifreDegis.app */;
			productType = "com.apple.product-type.application";
		};
/* End PBXNativeTarget section */

/* Begin PBXProject section */
		70C21AE924E44AB800F5D565 /* Project object */ = {
			isa = PBXProject;
			attributes = {
				LastSwiftUpdateCheck = 1160;
				LastUpgradeCheck = 1160;
				ORGANIZATIONNAME = "Furkan Hanci";
				TargetAttributes = {
					70C21AF024E44AB800F5D565 = {
						CreatedOnToolsVersion = 11.6;
					};
				};
			};
			buildConfigurationList = 70C21AEC24E44AB800F5D565 /* Build configuration list for PBXProject "sifreDegis" */;
			compatibilityVersion = "Xcode 9.3";
			developmentRegion = en;
			hasScannedForEncodings = 0;
			knownRegions = (
				en,
				Base,
			);
			mainGroup = 70C21AE824E44AB800F5D565;
			productRefGroup = 70C21AF224E44AB800F5D565 /* Products */;
			projectDirPath = "";
			projectRoot = "";
			targets = (
				70C21AF024E44AB800F5D565 /* sifreDegis */,
			);
		};
/* End PBXProject section */

/* Begin PBXResourcesBuildPhase section */
		70C21AEF24E44AB800F5D565 /* Resources */ = {
			isa = PBXResourcesBuildPhase;
			buildActionMask = 2147483647;
			files = (
				70C21B0124E44AB900F5D565 /* LaunchScreen.storyboard in Resources */,
				70C21AFE24E44AB900F5D565 /* Assets.xcassets in Resources */,
				70C21AFC24E44AB800F5D565 /* Main.storyboard in Resources */,
			);
			runOnlyForDeploymentPostprocessing = 0;
		};
/* End PBXResourcesBuildPhase section */

/* Begin PBXSourcesBuildPhase section */
		70C21AED24E44AB800F5D565 /* Sources */ = {
			isa = PBXSourcesBuildPhase;
			buildActionMask = 2147483647;
			files = (
				70C21AF924E44AB800F5D565 /* ViewController.swift in Sources */,
				70C21AF524E44AB800F5D565 /* AppDelegate.swift in Sources */,
				70C21AF724E44AB800F5D565 /* SceneDelegate.swift in Sources */,
			);
			runOnlyForDeploymentPostprocessing = 0;
		};
/* End PBXSourcesBuildPhase section */

/* Begin PBXVariantGroup section */
		70C21AFA24E44AB800F5D565 /* Main.storyboard */ = {
			isa = PBXVariantGroup;
			children = (
				70C21AFB24E44AB800F5D565 /* Base */,
			);
			name = Main.storyboard;
			sourceTree = "<group>";
		};
		70C21AFF24E44AB900F5D565 /* LaunchScreen.storyboard */ = {
			isa = PBXVariantGroup;
			children = (
				70C21B0024E44AB900F5D565 /* Base */,
			);
			name = LaunchScreen.storyboard;
			sourceTree = "<group>";
		};
/* End PBXVariantGroup section */

/* Begin XCBuildConfiguration section */
		70C21B0324E44AB900F5D565 /* Debug */ = {
			isa = XCBuildConfiguration;
			buildSettings = {
				ALWAYS_SEARCH_USER_PATHS = NO;
				CLANG_ANALYZER_NONNULL = YES;
				CLANG_ANALYZER_NUMBER_OBJECT_CONVERSION = YES_AGGRESSIVE;
				CLANG_CXX_LANGUAGE_STANDARD = "gnu++14";
				CLANG_CXX_LIBRARY = "libc++";
				CLANG_ENABLE_MODULES = YES;
				CLANG_ENABLE_OBJC_ARC = YES;
				CLANG_ENABLE_OBJC_WEAK = YES;
				CLANG_WARN_BLOCK_CAPTURE_AUTORELEASING = YES;
				CLANG_WARN_BOOL_CONVERSION = YES;
				CLANG_WARN_COMMA = YES;
				CLANG_WARN_CONSTANT_CONVERSION = YES;
				CLANG_WARN_DEPRECATED_OBJC_IMPLEMENTATIONS = YES;
				CLANG_WARN_DIRECT_OBJC_ISA_USAGE = YES_ERROR;
				CLANG_WARN_DOCUMENTATION_COMMENTS = YES;
				CLANG_WARN_EMPTY_BODY = YES;
				CLANG_WARN_ENUM_CONVERSION = YES;
				CLANG_WARN_INFINITE_RECURSION = YES;
				CLANG_WARN_INT_CONVERSION = YES;
				CLANG_WARN_NON_LITERAL_NULL_CONVERSION = YES;
				CLANG_WARN_OBJC_IMPLICIT_RETAIN_SELF = YES;
				CLANG_WARN_OBJC_LITERAL_CONVERSION = YES;
				CLANG_WARN_OBJC_ROOT_CLASS = YES_ERROR;
				CLANG_WARN_RANGE_LOOP_ANALYSIS = YES;
				CLANG_WARN_STRICT_PROTOTYPES = YES;
				CLANG_WARN_SUSPICIOUS_MOVE = YES;
				CLANG_WARN_UNGUARDED_AVAILABILITY = YES_AGGRESSIVE;
				CLANG_WARN_UNREACHABLE_CODE = YES;
				CLANG_WARN__DUPLICATE_METHOD_MATCH = YES;
				COPY_PHASE_STRIP = NO;
				DEBUG_INFORMATION_FORMAT = dwarf;
				ENABLE_STRICT_OBJC_MSGSEND = YES;
				ENABLE_TESTABILITY = YES;
				GCC_C_LANGUAGE_STANDARD = gnu11;
				GCC_DYNAMIC_NO_PIC = NO;
				GCC_NO_COMMON_BLOCKS = YES;
				GCC_OPTIMIZATION_LEVEL = 0;
				GCC_PREPROCESSOR_DEFINITIONS = (
					"DEBUG=1",
					"$(inherited)",
				);
				GCC_WARN_64_TO_32_BIT_CONVERSION = YES;
				GCC_WARN_ABOUT_RETURN_TYPE = YES_ERROR;
				GCC_WARN_UNDECLARED_SELECTOR = YES;
				GCC_WARN_UNINITIALIZED_AUTOS = YES_AGGRESSIVE;
				GCC_WARN_UNUSED_FUNCTION = YES;
				GCC_WARN_UNUSED_VARIABLE = YES;
				IPHONEOS_DEPLOYMENT_TARGET = 13.6;
				MTL_ENABLE_DEBUG_INFO = INCLUDE_SOURCE;
				MTL_FAST_MATH = YES;
				ONLY_ACTIVE_ARCH = YES;
				SDKROOT = iphoneos;
				SWIFT_ACTIVE_COMPILATION_CONDITIONS = DEBUG;
				SWIFT_OPTIMIZATION_LEVEL = "-Onone";
			};
			name = Debug;
		};
		70C21B0424E44AB900F5D565 /* Release */ = {
			isa = XCBuildConfiguration;
			buildSettings = {
				ALWAYS_SEARCH_USER_PATHS = NO;
				CLANG_ANALYZER_NONNULL = YES;
				CLANG_ANALYZER_NUMBER_OBJECT_CONVERSION = YES_AGGRESSIVE;
				CLANG_CXX_LANGUAGE_STANDARD = "gnu++14";
				CLANG_CXX_LIBRARY = "libc++";
				CLANG_ENABLE_MODULES = YES;
				CLANG_ENABLE_OBJC_ARC = YES;
				CLANG_ENABLE_OBJC_WEAK = YES;
				CLANG_WARN_BLOCK_CAPTURE_AUTORELEASING = YES;
				CLANG_WARN_BOOL_CONVERSION = YES;
				CLANG_WARN_COMMA = YES;
				CLANG_WARN_CONSTANT_CONVERSION = YES;
				CLANG_WARN_DEPRECATED_OBJC_IMPLEMENTATIONS = YES;
				CLANG_WARN_DIRECT_OBJC_ISA_USAGE = YES_ERROR;
				CLANG_WARN_DOCUMENTATION_COMMENTS = YES;
				CLANG_WARN_EMPTY_BODY = YES;
				CLANG_WARN_ENUM_CONVERSION = YES;
				CLANG_WARN_INFINITE_RECURSION = YES;
				CLANG_WARN_INT_CONVERSION = YES;
				CLANG_WARN_NON_LITERAL_NULL_CONVERSION = YES;
				CLANG_WARN_OBJC_IMPLICIT_RETAIN_SELF = YES;
				CLANG_WARN_OBJC_LITERAL_CONVERSION = YES;
				CLANG_WARN_OBJC_ROOT_CLASS = YES_ERROR;
				CLANG_WARN_RANGE_LOOP_ANALYSIS = YES;
				CLANG_WARN_STRICT_PROTOTYPES = YES;
				CLANG_WARN_SUSPICIOUS_MOVE = YES;
				CLANG_WARN_UNGUARDED_AVAILABILITY = YES_AGGRESSIVE;
				CLANG_WARN_UNREACHABLE_CODE = YES;
				CLANG_WARN__DUPLICATE_METHOD_MATCH = YES;
				COPY_PHASE_STRIP = NO;
				DEBUG_INFORMATION_FORMAT = "dwarf-with-dsym";
				ENABLE_NS_ASSERTIONS = NO;
				ENABLE_STRICT_OBJC_MSGSEND = YES;
				GCC_C_LANGUAGE_STANDARD = gnu11;
				GCC_NO_COMMON_BLOCKS = YES;
				GCC_WARN_64_TO_32_BIT_CONVERSION = YES;
				GCC_WARN_ABOUT_RETURN_TYPE = YES_ERROR;
				GCC_WARN_UNDECLARED_SELECTOR = YES;
				GCC_WARN_UNINITIALIZED_AUTOS = YES_AGGRESSIVE;
				GCC_WARN_UNUSED_FUNCTION = YES;
				GCC_WARN_UNUSED_VARIABLE = YES;
				IPHONEOS_DEPLOYMENT_TARGET = 13.6;
				MTL_ENABLE_DEBUG_INFO = NO;
				MTL_FAST_MATH = YES;
				SDKROOT = iphoneos;
				SWIFT_COMPILATION_MODE = wholemodule;
				SWIFT_OPTIMIZATION_LEVEL = "-O";
				VALIDATE_PRODUCT = YES;
			};
			name = Release;
		};
		70C21B0624E44AB900F5D565 /* Debug */ = {
			isa = XCBuildConfiguration;
			buildSettings = {
				ASSETCATALOG_COMPILER_APPICON_NAME = AppIcon;
				CODE_SIGN_STYLE = Automatic;
				DEVELOPMENT_TEAM = C7UJQJ2BAR;
				INFOPLIST_FILE = sifreDegis/Info.plist;
				LD_RUNPATH_SEARCH_PATHS = (
					"$(inherited)",
					"@executable_path/Frameworks",
				);
				PRODUCT_BUNDLE_IDENTIFIER = com.furkanhanci.sifreDegis;
				PRODUCT_NAME = "$(TARGET_NAME)";
				SWIFT_VERSION = 5.0;
				TARGETED_DEVICE_FAMILY = "1,2";
			};
			name = Debug;
		};
		70C21B0724E44AB900F5D565 /* Release */ = {
			isa = XCBuildConfiguration;
			buildSettings = {
				ASSETCATALOG_COMPILER_APPICON_NAME = AppIcon;
				CODE_SIGN_STYLE = Automatic;
				DEVELOPMENT_TEAM = C7UJQJ2BAR;
				INFOPLIST_FILE = sifreDegis/Info.plist;
				LD_RUNPATH_SEARCH_PATHS = (
					"$(inherited)",
					"@executable_path/Frameworks",
				);
				PRODUCT_BUNDLE_IDENTIFIER = com.furkanhanci.sifreDegis;
				PRODUCT_NAME = "$(TARGET_NAME)";
				SWIFT_VERSION = 5.0;
				TARGETED_DEVICE_FAMILY = "1,2";
			};
			name = Release;
		};
/* End XCBuildConfiguration section */

/* Begin XCConfigurationList section */
		70C21AEC24E44AB800F5D565 /* Build configuration list for PBXProject "sifreDegis" */ = {
			isa = XCConfigurationList;
			buildConfigurations = (
				70C21B0324E44AB900F5D565 /* Debug */,
				70C21B0424E44AB900F5D565 /* Release */,
			);
			defaultConfigurationIsVisible = 0;
			defaultConfigurationName = Release;
		};
		70C21B0524E44AB900F5D565 /* Build configuration list for PBXNativeTarget "sifreDegis" */ = {
			isa = XCConfigurationList;
			buildConfigurations = (
				70C21B0624E44AB900F5D565 /* Debug */,
				70C21B0724E44AB900F5D565 /* Release */,
			);
			defaultConfigurationIsVisible = 0;
			defaultConfigurationName = Release;
		};
/* End XCConfigurationList section */
	};
	rootObject = 70C21AE924E44AB800F5D565 /* Project object */;
}
